
Microsoft Visual Studio Solution File, Format Version 12.00
# Visual Studio 14
VisualStudioVersion = 14.0.23107.0
MinimumVisualStudioVersion = 10.0.40219.1
Project("{8BC9CEB8-8B4A-11D0-8D11-00A0C91BC942}") = "RealPipboy", "RealPipboy\RealPipboy.vcxproj", "{B9492A7B-3E92-4F27-B260-FE373736E4D2}"
	ProjectSection(ProjectDependencies) = postProject
		{20C6411C-596F-4B85-BE4E-8BC91F59D8A6} = {20C6411C-596F-4B85-BE4E-8BC91F59D8A6}
	EndProjectSection
EndProject
Project("{8BC9CEB8-8B4A-11D0-8D11-00A0C91BC942}") = "common", "common\common.vcxproj", "{20C6411C-596F-4B85-BE4E-8BC91F59D8A6}"
EndProject
Project("{8BC9CEB8-8B4A-11D0-8D11-00A0C91BC942}") = "RealPipboyPlugin", "RealPipboyPlugin\RealPipboyPlugin.vcxproj", "{AE7CFEE7-4058-4E3C-ADC2-AE7480EE2028}"
	ProjectSection(ProjectDependencies) = postProject
		{6A8518C3-D81A-4428-BD7F-C37933088AC1} = {6A8518C3-D81A-4428-BD7F-C37933088AC1}
	EndProjectSection
EndProject
Project("{8BC9CEB8-8B4A-11D0-8D11-00A0C91BC942}") = "RealPipboyTest", "RealPipboyTest\RealPipboyTest.vcxproj", "{8959BADC-AB95-4407-B211-7E178015C921}"
	ProjectSection(ProjectDependencies) = postProject
		{B9492A7B-3E92-4F27-B260-FE373736E4D2} = {B9492A7B-3E92-4F27-B260-FE373736E4D2}
		{6A8518C3-D81A-4428-BD7F-C37933088AC1} = {6A8518C3-D81A-4428-BD7F-C37933088AC1}
	EndProjectSection
EndProject
Project("{8BC9CEB8-8B4A-11D0-8D11-00A0C91BC942}") = "squish", "squish-1.11\vs9\squish\squish.vcxproj", "{6A8518C3-D81A-4428-BD7F-C37933088AC1}"
EndProject
Global
	GlobalSection(SolutionConfigurationPlatforms) = preSolution
		Debug CS|Itanium = Debug CS|Itanium
		Debug CS|Win32 = Debug CS|Win32
		Debug CS|x64 = Debug CS|x64
		Debug ng|Itanium = Debug ng|Itanium
		Debug ng|Win32 = Debug ng|Win32
		Debug ng|x64 = Debug ng|x64
		Debug|Itanium = Debug|Itanium
		Debug|Win32 = Debug|Win32
		Debug|x64 = Debug|x64
		Release CS|Itanium = Release CS|Itanium
		Release CS|Win32 = Release CS|Win32
		Release CS|x64 = Release CS|x64
		Release ng|Itanium = Release ng|Itanium
		Release ng|Win32 = Release ng|Win32
		Release ng|x64 = Release ng|x64
		Release|Itanium = Release|Itanium
		Release|Win32 = Release|Win32
		Release|x64 = Release|x64
		ReleaseWithoutAsm|Itanium = ReleaseWithoutAsm|Itanium
		ReleaseWithoutAsm|Win32 = ReleaseWithoutAsm|Win32
		ReleaseWithoutAsm|x64 = ReleaseWithoutAsm|x64
	EndGlobalSection
	GlobalSection(ProjectConfigurationPlatforms) = postSolution
		{B9492A7B-3E92-4F27-B260-FE373736E4D2}.Debug CS|Itanium.ActiveCfg = Release|Win32
		{B9492A7B-3E92-4F27-B260-FE373736E4D2}.Debug CS|Itanium.Build.0 = Release|Win32
		{B9492A7B-3E92-4F27-B260-FE373736E4D2}.Debug CS|Win32.ActiveCfg = Debug|Win32
		{B9492A7B-3E92-4F27-B260-FE373736E4D2}.Debug CS|Win32.Build.0 = Debug|Win32
		{B9492A7B-3E92-4F27-B260-FE373736E4D2}.Debug CS|x64.ActiveCfg = Release|Win32
		{B9492A7B-3E92-4F27-B260-FE373736E4D2}.Debug CS|x64.Build.0 = Release|Win32
		{B9492A7B-3E92-4F27-B260-FE373736E4D2}.Debug ng|Itanium.ActiveCfg = Release|Win32
		{B9492A7B-3E92-4F27-B260-FE373736E4D2}.Debug ng|Itanium.Build.0 = Release|Win32
		{B9492A7B-3E92-4F27-B260-FE373736E4D2}.Debug ng|Win32.ActiveCfg = Debug|Win32
		{B9492A7B-3E92-4F27-B260-FE373736E4D2}.Debug ng|Win32.Build.0 = Debug|Win32
		{B9492A7B-3E92-4F27-B260-FE373736E4D2}.Debug ng|x64.ActiveCfg = Release|Win32
		{B9492A7B-3E92-4F27-B260-FE373736E4D2}.Debug ng|x64.Build.0 = Release|Win32
		{B9492A7B-3E92-4F27-B260-FE373736E4D2}.Debug|Itanium.ActiveCfg = Debug|Win32
		{B9492A7B-3E92-4F27-B260-FE373736E4D2}.Debug|Win32.ActiveCfg = Debug|Win32
		{B9492A7B-3E92-4F27-B260-FE373736E4D2}.Debug|Win32.Build.0 = Debug|Win32
		{B9492A7B-3E92-4F27-B260-FE373736E4D2}.Debug|x64.ActiveCfg = Debug|Win32
		{B9492A7B-3E92-4F27-B260-FE373736E4D2}.Release CS|Itanium.ActiveCfg = Release|Win32
		{B9492A7B-3E92-4F27-B260-FE373736E4D2}.Release CS|Itanium.Build.0 = Release|Win32
		{B9492A7B-3E92-4F27-B260-FE373736E4D2}.Release CS|Win32.ActiveCfg = Release|Win32
		{B9492A7B-3E92-4F27-B260-FE373736E4D2}.Release CS|Win32.Build.0 = Release|Win32
		{B9492A7B-3E92-4F27-B260-FE373736E4D2}.Release CS|x64.ActiveCfg = Release|Win32
		{B9492A7B-3E92-4F27-B260-FE373736E4D2}.Release CS|x64.Build.0 = Release|Win32
		{B9492A7B-3E92-4F27-B260-FE373736E4D2}.Release ng|Itanium.ActiveCfg = Release|Win32
		{B9492A7B-3E92-4F27-B260-FE373736E4D2}.Release ng|Itanium.Build.0 = Release|Win32
		{B9492A7B-3E92-4F27-B260-FE373736E4D2}.Release ng|Win32.ActiveCfg = Release|Win32
		{B9492A7B-3E92-4F27-B260-FE373736E4D2}.Release ng|Win32.Build.0 = Release|Win32
		{B9492A7B-3E92-4F27-B260-FE373736E4D2}.Release ng|x64.ActiveCfg = Release|Win32
		{B9492A7B-3E92-4F27-B260-FE373736E4D2}.Release ng|x64.Build.0 = Release|Win32
		{B9492A7B-3E92-4F27-B260-FE373736E4D2}.Release|Itanium.ActiveCfg = Release|Win32
		{B9492A7B-3E92-4F27-B260-FE373736E4D2}.Release|Win32.ActiveCfg = Release|Win32
		{B9492A7B-3E92-4F27-B260-FE373736E4D2}.Release|Win32.Build.0 = Release|Win32
		{B9492A7B-3E92-4F27-B260-FE373736E4D2}.Release|x64.ActiveCfg = Release|Win32
		{B9492A7B-3E92-4F27-B260-FE373736E4D2}.ReleaseWithoutAsm|Itanium.ActiveCfg = Release|Win32
		{B9492A7B-3E92-4F27-B260-FE373736E4D2}.ReleaseWithoutAsm|Itanium.Build.0 = Release|Win32
		{B9492A7B-3E92-4F27-B260-FE373736E4D2}.ReleaseWithoutAsm|Win32.ActiveCfg = Release|Win32
		{B9492A7B-3E92-4F27-B260-FE373736E4D2}.ReleaseWithoutAsm|Win32.Build.0 = Release|Win32
		{B9492A7B-3E92-4F27-B260-FE373736E4D2}.ReleaseWithoutAsm|x64.ActiveCfg = Release|Win32
		{B9492A7B-3E92-4F27-B260-FE373736E4D2}.ReleaseWithoutAsm|x64.Build.0 = Release|Win32
		{20C6411C-596F-4B85-BE4E-8BC91F59D8A6}.Debug CS|Itanium.ActiveCfg = Release|Win32
		{20C6411C-596F-4B85-BE4E-8BC91F59D8A6}.Debug CS|Itanium.Build.0 = Release|Win32
		{20C6411C-596F-4B85-BE4E-8BC91F59D8A6}.Debug CS|Win32.ActiveCfg = Debug|Win32
		{20C6411C-596F-4B85-BE4E-8BC91F59D8A6}.Debug CS|Win32.Build.0 = Debug|Win32
		{20C6411C-596F-4B85-BE4E-8BC91F59D8A6}.Debug CS|x64.ActiveCfg = Release|Win32
		{20C6411C-596F-4B85-BE4E-8BC91F59D8A6}.Debug CS|x64.Build.0 = Release|Win32
		{20C6411C-596F-4B85-BE4E-8BC91F59D8A6}.Debug ng|Itanium.ActiveCfg = Release|Win32
		{20C6411C-596F-4B85-BE4E-8BC91F59D8A6}.Debug ng|Itanium.Build.0 = Release|Win32
		{20C6411C-596F-4B85-BE4E-8BC91F59D8A6}.Debug ng|Win32.ActiveCfg = Debug|Win32
		{20C6411C-596F-4B85-BE4E-8BC91F59D8A6}.Debug ng|Win32.Build.0 = Debug|Win32
		{20C6411C-596F-4B85-BE4E-8BC91F59D8A6}.Debug ng|x64.ActiveCfg = Release|Win32
		{20C6411C-596F-4B85-BE4E-8BC91F59D8A6}.Debug ng|x64.Build.0 = Release|Win32
		{20C6411C-596F-4B85-BE4E-8BC91F59D8A6}.Debug|Itanium.ActiveCfg = Debug|Win32
		{20C6411C-596F-4B85-BE4E-8BC91F59D8A6}.Debug|Win32.ActiveCfg = Debug|Win32
		{20C6411C-596F-4B85-BE4E-8BC91F59D8A6}.Debug|Win32.Build.0 = Debug|Win32
		{20C6411C-596F-4B85-BE4E-8BC91F59D8A6}.Debug|x64.ActiveCfg = Debug|Win32
		{20C6411C-596F-4B85-BE4E-8BC91F59D8A6}.Release CS|Itanium.ActiveCfg = Release|Win32
		{20C6411C-596F-4B85-BE4E-8BC91F59D8A6}.Release CS|Itanium.Build.0 = Release|Win32
		{20C6411C-596F-4B85-BE4E-8BC91F59D8A6}.Release CS|Win32.ActiveCfg = Release|Win32
		{20C6411C-596F-4B85-BE4E-8BC91F59D8A6}.Release CS|Win32.Build.0 = Release|Win32
		{20C6411C-596F-4B85-BE4E-8BC91F59D8A6}.Release CS|x64.ActiveCfg = Release|Win32
		{20C6411C-596F-4B85-BE4E-8BC91F59D8A6}.Release CS|x64.Build.0 = Release|Win32
		{20C6411C-596F-4B85-BE4E-8BC91F59D8A6}.Release ng|Itanium.ActiveCfg = Release|Win32
		{20C6411C-596F-4B85-BE4E-8BC91F59D8A6}.Release ng|Itanium.Build.0 = Release|Win32
		{20C6411C-596F-4B85-BE4E-8BC91F59D8A6}.Release ng|Win32.ActiveCfg = Release|Win32
		{20C6411C-596F-4B85-BE4E-8BC91F59D8A6}.Release ng|Win32.Build.0 = Release|Win32
		{20C6411C-596F-4B85-BE4E-8BC91F59D8A6}.Release ng|x64.ActiveCfg = Release|Win32
		{20C6411C-596F-4B85-BE4E-8BC91F59D8A6}.Release ng|x64.Build.0 = Release|Win32
		{20C6411C-596F-4B85-BE4E-8BC91F59D8A6}.Release|Itanium.ActiveCfg = Release|Win32
		{20C6411C-596F-4B85-BE4E-8BC91F59D8A6}.Release|Win32.ActiveCfg = Release|Win32
		{20C6411C-596F-4B85-BE4E-8BC91F59D8A6}.Release|Win32.Build.0 = Release|Win32
		{20C6411C-596F-4B85-BE4E-8BC91F59D8A6}.Release|x64.ActiveCfg = Release|Win32
		{20C6411C-596F-4B85-BE4E-8BC91F59D8A6}.ReleaseWithoutAsm|Itanium.ActiveCfg = Release|Win32
		{20C6411C-596F-4B85-BE4E-8BC91F59D8A6}.ReleaseWithoutAsm|Itanium.Build.0 = Release|Win32
		{20C6411C-596F-4B85-BE4E-8BC91F59D8A6}.ReleaseWithoutAsm|Win32.ActiveCfg = Release|Win32
		{20C6411C-596F-4B85-BE4E-8BC91F59D8A6}.ReleaseWithoutAsm|Win32.Build.0 = Release|Win32
		{20C6411C-596F-4B85-BE4E-8BC91F59D8A6}.ReleaseWithoutAsm|x64.ActiveCfg = Release|Win32
		{20C6411C-596F-4B85-BE4E-8BC91F59D8A6}.ReleaseWithoutAsm|x64.Build.0 = Release|Win32
		{AE7CFEE7-4058-4E3C-ADC2-AE7480EE2028}.Debug CS|Itanium.ActiveCfg = Release|Win32
		{AE7CFEE7-4058-4E3C-ADC2-AE7480EE2028}.Debug CS|Itanium.Build.0 = Release|Win32
		{AE7CFEE7-4058-4E3C-ADC2-AE7480EE2028}.Debug CS|Win32.ActiveCfg = Debug ng|Win32
		{AE7CFEE7-4058-4E3C-ADC2-AE7480EE2028}.Debug CS|Win32.Build.0 = Debug ng|Win32
		{AE7CFEE7-4058-4E3C-ADC2-AE7480EE2028}.Debug CS|x64.ActiveCfg = Release|Win32
		{AE7CFEE7-4058-4E3C-ADC2-AE7480EE2028}.Debug CS|x64.Build.0 = Release|Win32
		{AE7CFEE7-4058-4E3C-ADC2-AE7480EE2028}.Debug ng|Itanium.ActiveCfg = Debug ng|Win32
		{AE7CFEE7-4058-4E3C-ADC2-AE7480EE2028}.Debug ng|Win32.ActiveCfg = Debug ng|Win32
		{AE7CFEE7-4058-4E3C-ADC2-AE7480EE2028}.Debug ng|Win32.Build.0 = Debug ng|Win32
		{AE7CFEE7-4058-4E3C-ADC2-AE7480EE2028}.Debug ng|x64.ActiveCfg = Debug ng|Win32
		{AE7CFEE7-4058-4E3C-ADC2-AE7480EE2028}.Debug|Itanium.ActiveCfg = Debug|Win32
		{AE7CFEE7-4058-4E3C-ADC2-AE7480EE2028}.Debug|Win32.ActiveCfg = Debug|Win32
		{AE7CFEE7-4058-4E3C-ADC2-AE7480EE2028}.Debug|Win32.Build.0 = Debug|Win32
		{AE7CFEE7-4058-4E3C-ADC2-AE7480EE2028}.Debug|x64.ActiveCfg = Debug|Win32
		{AE7CFEE7-4058-4E3C-ADC2-AE7480EE2028}.Release CS|Itanium.ActiveCfg = Release|Win32
		{AE7CFEE7-4058-4E3C-ADC2-AE7480EE2028}.Release CS|Itanium.Build.0 = Release|Win32
		{AE7CFEE7-4058-4E3C-ADC2-AE7480EE2028}.Release CS|Win32.ActiveCfg = Release ng|Win32
		{AE7CFEE7-4058-4E3C-ADC2-AE7480EE2028}.Release CS|Win32.Build.0 = Release ng|Win32
		{AE7CFEE7-4058-4E3C-ADC2-AE7480EE2028}.Release CS|x64.ActiveCfg = Release|Win32
		{AE7CFEE7-4058-4E3C-ADC2-AE7480EE2028}.Release CS|x64.Build.0 = Release|Win32
		{AE7CFEE7-4058-4E3C-ADC2-AE7480EE2028}.Release ng|Itanium.ActiveCfg = Release ng|Win32
		{AE7CFEE7-4058-4E3C-ADC2-AE7480EE2028}.Release ng|Win32.ActiveCfg = Release ng|Win32
		{AE7CFEE7-4058-4E3C-ADC2-AE7480EE2028}.Release ng|Win32.Build.0 = Release ng|Win32
		{AE7CFEE7-4058-4E3C-ADC2-AE7480EE2028}.Release ng|x64.ActiveCfg = Release ng|Win32
		{AE7CFEE7-4058-4E3C-ADC2-AE7480EE2028}.Release|Itanium.ActiveCfg = Release|Win32
		{AE7CFEE7-4058-4E3C-ADC2-AE7480EE2028}.Release|Win32.ActiveCfg = Release|Win32
		{AE7CFEE7-4058-4E3C-ADC2-AE7480EE2028}.Release|Win32.Build.0 = Release|Win32
		{AE7CFEE7-4058-4E3C-ADC2-AE7480EE2028}.Release|x64.ActiveCfg = Release|Win32
		{AE7CFEE7-4058-4E3C-ADC2-AE7480EE2028}.ReleaseWithoutAsm|Itanium.ActiveCfg = Release|Win32
		{AE7CFEE7-4058-4E3C-ADC2-AE7480EE2028}.ReleaseWithoutAsm|Itanium.Build.0 = Release|Win32
		{AE7CFEE7-4058-4E3C-ADC2-AE7480EE2028}.ReleaseWithoutAsm|Win32.ActiveCfg = Release|Win32
		{AE7CFEE7-4058-4E3C-ADC2-AE7480EE2028}.ReleaseWithoutAsm|Win32.Build.0 = Release|Win32
		{AE7CFEE7-4058-4E3C-ADC2-AE7480EE2028}.ReleaseWithoutAsm|x64.ActiveCfg = Release|Win32
		{AE7CFEE7-4058-4E3C-ADC2-AE7480EE2028}.ReleaseWithoutAsm|x64.Build.0 = Release|Win32
		{8959BADC-AB95-4407-B211-7E178015C921}.Debug CS|Itanium.ActiveCfg = Release|Win32
		{8959BADC-AB95-4407-B211-7E178015C921}.Debug CS|Itanium.Build.0 = Release|Win32
		{8959BADC-AB95-4407-B211-7E178015C921}.Debug CS|Win32.ActiveCfg = Debug|Win32
		{8959BADC-AB95-4407-B211-7E178015C921}.Debug CS|Win32.Build.0 = Debug|Win32
		{8959BADC-AB95-4407-B211-7E178015C921}.Debug CS|x64.ActiveCfg = Release|Win32
		{8959BADC-AB95-4407-B211-7E178015C921}.Debug CS|x64.Build.0 = Release|Win32
		{8959BADC-AB95-4407-B211-7E178015C921}.Debug ng|Itanium.ActiveCfg = Release|Win32
		{8959BADC-AB95-4407-B211-7E178015C921}.Debug ng|Itanium.Build.0 = Release|Win32
		{8959BADC-AB95-4407-B211-7E178015C921}.Debug ng|Win32.ActiveCfg = Debug|Win32
		{8959BADC-AB95-4407-B211-7E178015C921}.Debug ng|Win32.Build.0 = Debug|Win32
		{8959BADC-AB95-4407-B211-7E178015C921}.Debug ng|x64.ActiveCfg = Release|Win32
		{8959BADC-AB95-4407-B211-7E178015C921}.Debug ng|x64.Build.0 = Release|Win32
		{8959BADC-AB95-4407-B211-7E178015C921}.Debug|Itanium.ActiveCfg = Debug|Win32
		{8959BADC-AB95-4407-B211-7E178015C921}.Debug|Win32.ActiveCfg = Debug|Win32
		{8959BADC-AB95-4407-B211-7E178015C921}.Debug|Win32.Build.0 = Debug|Win32
		{8959BADC-AB95-4407-B211-7E178015C921}.Debug|x64.ActiveCfg = Debug|Win32
		{8959BADC-AB95-4407-B211-7E178015C921}.Release CS|Itanium.ActiveCfg = Release|Win32
		{8959BADC-AB95-4407-B211-7E178015C921}.Release CS|Itanium.Build.0 = Release|Win32
		{8959BADC-AB95-4407-B211-7E178015C921}.Release CS|Win32.ActiveCfg = Release|Win32
		{8959BADC-AB95-4407-B211-7E178015C921}.Release CS|Win32.Build.0 = Release|Win32
		{8959BADC-AB95-4407-B211-7E178015C921}.Release CS|x64.ActiveCfg = Release|Win32
		{8959BADC-AB95-4407-B211-7E178015C921}.Release CS|x64.Build.0 = Release|Win32
		{8959BADC-AB95-4407-B211-7E178015C921}.Release ng|Itanium.ActiveCfg = Release|Win32
		{8959BADC-AB95-4407-B211-7E178015C921}.Release ng|Itanium.Build.0 = Release|Win32
		{8959BADC-AB95-4407-B211-7E178015C921}.Release ng|Win32.ActiveCfg = Release|Win32
		{8959BADC-AB95-4407-B211-7E178015C921}.Release ng|Win32.Build.0 = Release|Win32
		{8959BADC-AB95-4407-B211-7E178015C921}.Release ng|x64.ActiveCfg = Release|Win32
		{8959BADC-AB95-4407-B211-7E178015C921}.Release ng|x64.Build.0 = Release|Win32
		{8959BADC-AB95-4407-B211-7E178015C921}.Release|Itanium.ActiveCfg = Release|Win32
		{8959BADC-AB95-4407-B211-7E178015C921}.Release|Win32.ActiveCfg = Release|Win32
		{8959BADC-AB95-4407-B211-7E178015C921}.Release|Win32.Build.0 = Release|Win32
		{8959BADC-AB95-4407-B211-7E178015C921}.Release|x64.ActiveCfg = Release|Win32
		{8959BADC-AB95-4407-B211-7E178015C921}.ReleaseWithoutAsm|Itanium.ActiveCfg = Release|Win32
		{8959BADC-AB95-4407-B211-7E178015C921}.ReleaseWithoutAsm|Itanium.Build.0 = Release|Win32
		{8959BADC-AB95-4407-B211-7E178015C921}.ReleaseWithoutAsm|Win32.ActiveCfg = Release|Win32
		{8959BADC-AB95-4407-B211-7E178015C921}.ReleaseWithoutAsm|Win32.Build.0 = Release|Win32
		{8959BADC-AB95-4407-B211-7E178015C921}.ReleaseWithoutAsm|x64.ActiveCfg = Release|Win32
		{8959BADC-AB95-4407-B211-7E178015C921}.ReleaseWithoutAsm|x64.Build.0 = Release|Win32
		{6A8518C3-D81A-4428-BD7F-C37933088AC1}.Debug CS|Itanium.ActiveCfg = Release|x64
		{6A8518C3-D81A-4428-BD7F-C37933088AC1}.Debug CS|Itanium.Build.0 = Release|x64
		{6A8518C3-D81A-4428-BD7F-C37933088AC1}.Debug CS|Win32.ActiveCfg = Debug|Win32
		{6A8518C3-D81A-4428-BD7F-C37933088AC1}.Debug CS|Win32.Build.0 = Debug|Win32
		{6A8518C3-D81A-4428-BD7F-C37933088AC1}.Debug CS|x64.ActiveCfg = Debug|x64
		{6A8518C3-D81A-4428-BD7F-C37933088AC1}.Debug CS|x64.Build.0 = Debug|x64
		{6A8518C3-D81A-4428-BD7F-C37933088AC1}.Debug ng|Itanium.ActiveCfg = Release|x64
		{6A8518C3-D81A-4428-BD7F-C37933088AC1}.Debug ng|Itanium.Build.0 = Release|x64
		{6A8518C3-D81A-4428-BD7F-C37933088AC1}.Debug ng|Win32.ActiveCfg = Debug|Win32
		{6A8518C3-D81A-4428-BD7F-C37933088AC1}.Debug ng|Win32.Build.0 = Debug|Win32
		{6A8518C3-D81A-4428-BD7F-C37933088AC1}.Debug ng|x64.ActiveCfg = Debug|x64
		{6A8518C3-D81A-4428-BD7F-C37933088AC1}.Debug ng|x64.Build.0 = Debug|x64
		{6A8518C3-D81A-4428-BD7F-C37933088AC1}.Debug|Itanium.ActiveCfg = Debug|Win32
		{6A8518C3-D81A-4428-BD7F-C37933088AC1}.Debug|Win32.ActiveCfg = Debug|Win32
		{6A8518C3-D81A-4428-BD7F-C37933088AC1}.Debug|Win32.Build.0 = Debug|Win32
		{6A8518C3-D81A-4428-BD7F-C37933088AC1}.Debug|x64.ActiveCfg = Debug|x64
		{6A8518C3-D81A-4428-BD7F-C37933088AC1}.Debug|x64.Build.0 = Debug|x64
		{6A8518C3-D81A-4428-BD7F-C37933088AC1}.Release CS|Itanium.ActiveCfg = Release|x64
		{6A8518C3-D81A-4428-BD7F-C37933088AC1}.Release CS|Itanium.Build.0 = Release|x64
		{6A8518C3-D81A-4428-BD7F-C37933088AC1}.Release CS|Win32.ActiveCfg = Release|Win32
		{6A8518C3-D81A-4428-BD7F-C37933088AC1}.Release CS|Win32.Build.0 = Release|Win32
		{6A8518C3-D81A-4428-BD7F-C37933088AC1}.Release CS|x64.ActiveCfg = Release|x64
		{6A8518C3-D81A-4428-BD7F-C37933088AC1}.Release CS|x64.Build.0 = Release|x64
		{6A8518C3-D81A-4428-BD7F-C37933088AC1}.Release ng|Itanium.ActiveCfg = Release|x64
		{6A8518C3-D81A-4428-BD7F-C37933088AC1}.Release ng|Itanium.Build.0 = Release|x64
		{6A8518C3-D81A-4428-BD7F-C37933088AC1}.Release ng|Win32.ActiveCfg = Release|Win32
		{6A8518C3-D81A-4428-BD7F-C37933088AC1}.Release ng|Win32.Build.0 = Release|Win32
		{6A8518C3-D81A-4428-BD7F-C37933088AC1}.Release ng|x64.ActiveCfg = Release|x64
		{6A8518C3-D81A-4428-BD7F-C37933088AC1}.Release ng|x64.Build.0 = Release|x64
		{6A8518C3-D81A-4428-BD7F-C37933088AC1}.Release|Itanium.ActiveCfg = Release|Win32
		{6A8518C3-D81A-4428-BD7F-C37933088AC1}.Release|Win32.ActiveCfg = Release|Win32
		{6A8518C3-D81A-4428-BD7F-C37933088AC1}.Release|Win32.Build.0 = Release|Win32
		{6A8518C3-D81A-4428-BD7F-C37933088AC1}.Release|x64.ActiveCfg = Release|x64
		{6A8518C3-D81A-4428-BD7F-C37933088AC1}.Release|x64.Build.0 = Release|x64
		{6A8518C3-D81A-4428-BD7F-C37933088AC1}.ReleaseWithoutAsm|Itanium.ActiveCfg = Release|x64
		{6A8518C3-D81A-4428-BD7F-C37933088AC1}.ReleaseWithoutAsm|Itanium.Build.0 = Release|x64
		{6A8518C3-D81A-4428-BD7F-C37933088AC1}.ReleaseWithoutAsm|Win32.ActiveCfg = Release|Win32
		{6A8518C3-D81A-4428-BD7F-C37933088AC1}.ReleaseWithoutAsm|Win32.Build.0 = Release|Win32
		{6A8518C3-D81A-4428-BD7F-C37933088AC1}.ReleaseWithoutAsm|x64.ActiveCfg = Release|x64
		{6A8518C3-D81A-4428-BD7F-C37933088AC1}.ReleaseWithoutAsm|x64.Build.0 = Release|x64
	EndGlobalSection
	GlobalSection(SolutionProperties) = preSolution
		HideSolutionNode = FALSE
	EndGlobalSection
EndGlobal
