<?xml version="1.0" encoding="utf-8"?>
<Project ToolsVersion="4.0" xmlns="http://schemas.microsoft.com/developer/msbuild/2003">
  <ItemGroup>
    <Filter Include="Source Files">
      <UniqueIdentifier>{4FC737F1-C7A5-4376-A066-2A32D752A2FF}</UniqueIdentifier>
      <Extensions>cpp;c;cc;cxx;def;odl;idl;hpj;bat;asm;asmx</Extensions>
    </Filter>
    <Filter Include="Header Files">
      <UniqueIdentifier>{93995380-89BD-4b04-88EB-625FBE52EBFB}</UniqueIdentifier>
      <Extensions>h;hh;hpp;hxx;hm;inl;inc;xsd</Extensions>
    </Filter>
    <Filter Include="Resource Files">
      <UniqueIdentifier>{67DA6AB6-F800-4c08-8B7A-83BB121AAD01}</UniqueIdentifier>
      <Extensions>rc;ico;cur;bmp;dlg;rc2;rct;bin;rgs;gif;jpg;jpeg;jpe;resx;tiff;tif;png;wav;mfcribbon-ms</Extensions>
    </Filter>
  </ItemGroup>
  <ItemGroup>
    <ClCompile Include="RealPipboy.cpp">
      <Filter>Source Files</Filter>
    </ClCompile>
    <ClCompile Include="Packets\DataPacket.cpp">
      <Filter>Source Files</Filter>
    </ClCompile>
    <ClCompile Include="Packets\HelloPacket.cpp">
      <Filter>Source Files</Filter>
    </ClCompile>
    <ClCompile Include="Packets\SetGameInfoPacket.cpp">
      <Filter>Source Files</Filter>
    </ClCompile>
    <ClCompile Include="Packets\SetInventoryPacket.cpp">
      <Filter>Source Files</Filter>
    </ClCompile>
    <ClCompile Include="Packets\SetNotesPacket.cpp">
      <Filter>Source Files</Filter>
    </ClCompile>
    <ClCompile Include="Packets\SetPlayerEffectsPacket.cpp">
      <Filter>Source Files</Filter>
    </ClCompile>
    <ClCompile Include="Packets\SetPlayerInfoPacket.cpp">
      <Filter>Source Files</Filter>
    </ClCompile>
    <ClCompile Include="Packets\SetQuestsPacket.cpp">
      <Filter>Source Files</Filter>
    </ClCompile>
    <ClCompile Include="Packets\SetRadioPacket.cpp">
      <Filter>Source Files</Filter>
    </ClCompile>
    <ClCompile Include="Packets\SetWorldInfoPacket.cpp">
      <Filter>Source Files</Filter>
    </ClCompile>
    <ClCompile Include="DataTypes\StatisticsInfoItem.cpp">
      <Filter>Source Files</Filter>
    </ClCompile>
    <ClCompile Include="DataTypes\StatusEffect.cpp">
      <Filter>Source Files</Filter>
    </ClCompile>
    <ClCompile Include="DataTypes\PlayerEffect.cpp">
      <Filter>Source Files</Filter>
    </ClCompile>
    <ClCompile Include="DataTypes\Note.cpp">
      <Filter>Source Files</Filter>
    </ClCompile>
    <ClCompile Include="Communication\CommunicationManager.cpp">
      <Filter>Source Files</Filter>
    </ClCompile>
    <ClCompile Include="Communication\TCPCommunication.cpp">
      <Filter>Source Files</Filter>
    </ClCompile>
    <ClCompile Include="Communication\Socket.cpp">
      <Filter>Source Files</Filter>
    </ClCompile>
    <ClCompile Include="Scheduler.cpp">
      <Filter>Source Files</Filter>
    </ClCompile>
    <ClCompile Include="DataTypes\Item.cpp">
      <Filter>Source Files</Filter>
    </ClCompile>
    <ClCompile Include="DataTypes\WeaponItem.cpp">
      <Filter>Source Files</Filter>
    </ClCompile>
    <ClCompile Include="DataTypes\ApparelItem.cpp">
      <Filter>Source Files</Filter>
    </ClCompile>
    <ClCompile Include="DataTypes\MiscItem.cpp">
      <Filter>Source Files</Filter>
    </ClCompile>
    <ClCompile Include="DataTypes\AidItem.cpp">
      <Filter>Source Files</Filter>
    </ClCompile>
    <ClCompile Include="DataTypes\AmmoItem.cpp">
      <Filter>Source Files</Filter>
    </ClCompile>
    <ClCompile Include="DataTypes\Quest.cpp">
      <Filter>Source Files</Filter>
    </ClCompile>
    <ClCompile Include="Packets\GetFilePacket.cpp">
      <Filter>Source Files</Filter>
    </ClCompile>
    <ClCompile Include="Packets\SetFilePacket.cpp">
      <Filter>Source Files</Filter>
    </ClCompile>
    <ClCompile Include="Packets\SetStatsItemsPacket.cpp">
      <Filter>Source Files</Filter>
    </ClCompile>
    <ClCompile Include="Packets\SendFileDataPacket.cpp">
      <Filter>Source Files</Filter>
    </ClCompile>
    <ClCompile Include="DataTypes\MapMarker.cpp">
      <Filter>Source Files</Filter>
    </ClCompile>
    <ClCompile Include="Packets\SetMapMarkersPacket.cpp">
      <Filter>Source Files</Filter>
    </ClCompile>
    <ClCompile Include="Packets\DoActionPacket.cpp">
      <Filter>Source Files</Filter>
    </ClCompile>
  </ItemGroup>
  <ItemGroup>
    <ClInclude Include="RealPipboy.h">
      <Filter>Header Files</Filter>
    </ClInclude>
    <ClInclude Include="Packets\DataPacket.h">
      <Filter>Header Files</Filter>
    </ClInclude>
    <ClInclude Include="Packets\HelloPacket.h">
      <Filter>Header Files</Filter>
    </ClInclude>
    <ClInclude Include="Packets\SetGameInfoPacket.h">
      <Filter>Header Files</Filter>
    </ClInclude>
    <ClInclude Include="Packets\SetInventoryPacket.h">
      <Filter>Header Files</Filter>
    </ClInclude>
    <ClInclude Include="Packets\SetNotesPacket.h">
      <Filter>Header Files</Filter>
    </ClInclude>
    <ClInclude Include="Packets\SetPlayerEffectsPacket.h">
      <Filter>Header Files</Filter>
    </ClInclude>
    <ClInclude Include="Packets\SetPlayerInfoPacket.h">
      <Filter>Header Files</Filter>
    </ClInclude>
    <ClInclude Include="Packets\SetQuestsPacket.h">
      <Filter>Header Files</Filter>
    </ClInclude>
    <ClInclude Include="Packets\SetRadioPacket.h">
      <Filter>Header Files</Filter>
    </ClInclude>
    <ClInclude Include="Packets\SetWorldInfoPacket.h">
      <Filter>Header Files</Filter>
    </ClInclude>
    <ClInclude Include="DataTypes\StatisticsInfoItem.h">
      <Filter>Header Files</Filter>
    </ClInclude>
    <ClInclude Include="DataTypes\StatusEffect.h">
      <Filter>Header Files</Filter>
    </ClInclude>
    <ClInclude Include="DataTypes\PlayerEffect.h">
      <Filter>Header Files</Filter>
    </ClInclude>
    <ClInclude Include="DataTypes\Note.h">
      <Filter>Header Files</Filter>
    </ClInclude>
    <ClInclude Include="Communication\CommunicationManager.h">
      <Filter>Header Files</Filter>
    </ClInclude>
    <ClInclude Include="Communication\TCPCommunication.h">
      <Filter>Header Files</Filter>
    </ClInclude>
    <ClInclude Include="Communication\Socket.h">
      <Filter>Header Files</Filter>
    </ClInclude>
    <ClInclude Include="Util\Semaphore.h">
      <Filter>Header Files</Filter>
    </ClInclude>
    <ClInclude Include="Scheduler.h">
      <Filter>Header Files</Filter>
    </ClInclude>
    <ClInclude Include="DataTypes\IDataManager.h">
      <Filter>Header Files</Filter>
    </ClInclude>
    <ClInclude Include="Packets\packets.h">
      <Filter>Header Files</Filter>
    </ClInclude>
    <ClInclude Include="DataTypes\Item.h">
      <Filter>Header Files</Filter>
    </ClInclude>
    <ClInclude Include="DataTypes\WeaponItem.h">
      <Filter>Header Files</Filter>
    </ClInclude>
    <ClInclude Include="DataTypes\ApparelItem.h">
      <Filter>Header Files</Filter>
    </ClInclude>
    <ClInclude Include="DataTypes\MiscItem.h">
      <Filter>Header Files</Filter>
    </ClInclude>
    <ClInclude Include="DataTypes\AmmoItem.h">
      <Filter>Header Files</Filter>
    </ClInclude>
    <ClInclude Include="DataTypes\AidItem.h">
      <Filter>Header Files</Filter>
    </ClInclude>
    <ClInclude Include="DataTypes\GeneralItems.h">
      <Filter>Header Files</Filter>
    </ClInclude>
    <ClInclude Include="DataTypes\Quest.h">
      <Filter>Header Files</Filter>
    </ClInclude>
    <ClInclude Include="Packets\GetFilePacket.h">
      <Filter>Header Files</Filter>
    </ClInclude>
    <ClInclude Include="Packets\SetFilePacket.h">
      <Filter>Header Files</Filter>
    </ClInclude>
    <ClInclude Include="Packets\SetStatsItemsPacket.h">
      <Filter>Header Files</Filter>
    </ClInclude>
    <ClInclude Include="Packets\MessageTypes.h">
      <Filter>Header Files</Filter>
    </ClInclude>
    <ClInclude Include="Packets\SendFileDataPacket.h">
      <Filter>Header Files</Filter>
    </ClInclude>
    <ClInclude Include="DataTypes\MapMarker.h">
      <Filter>Header Files</Filter>
    </ClInclude>
    <ClInclude Include="Packets\SetMapMarkersPacket.h">
      <Filter>Header Files</Filter>
    </ClInclude>
    <ClInclude Include="Packets\DoActionPacket.h">
      <Filter>Header Files</Filter>
    </ClInclude>
  </ItemGroup>
</Project>